{
    "version": 3,
    "terraform_version": "0.11.13",
    "serial": 27,
    "lineage": "404adc7d-66a4-780c-ad6e-283cb14f15c0",
    "modules": [
        {
            "path": [
                "root"
            ],
            "outputs": {},
            "resources": {
                "data.vsphere_datacenter.dc": {
                    "type": "vsphere_datacenter",
                    "depends_on": [],
                    "primary": {
                        "id": "datacenter-2",
                        "attributes": {
                            "id": "datacenter-2",
                            "name": "HOMOL-DC"
                        },
                        "meta": {},
                        "tainted": false
                    },
                    "deposed": [],
                    "provider": "provider.vsphere"
                },
                "data.vsphere_datastore.datastore": {
                    "type": "vsphere_datastore",
                    "depends_on": [
                        "data.vsphere_datacenter.dc"
                    ],
                    "primary": {
                        "id": "datastore-10",
                        "attributes": {
                            "datacenter_id": "datacenter-2",
                            "id": "datastore-10",
                            "name": "FC_SATA_vSPHERE_HOMOL_01"
                        },
                        "meta": {},
                        "tainted": false
                    },
                    "deposed": [],
                    "provider": "provider.vsphere"
                },
                "data.vsphere_network.mgmt_lan": {
                    "type": "vsphere_network",
                    "depends_on": [
                        "data.vsphere_datacenter.dc"
                    ],
                    "primary": {
                        "id": "dvportgroup-22",
                        "attributes": {
                            "datacenter_id": "datacenter-2",
                            "id": "dvportgroup-22",
                            "name": "HOMOL-Gerencia",
                            "type": "DistributedVirtualPortgroup"
                        },
                        "meta": {},
                        "tainted": false
                    },
                    "deposed": [],
                    "provider": "provider.vsphere"
                },
                "data.vsphere_resource_pool.pool": {
                    "type": "vsphere_resource_pool",
                    "depends_on": [
                        "data.vsphere_datacenter.dc"
                    ],
                    "primary": {
                        "id": "resgroup-43",
                        "attributes": {
                            "datacenter_id": "datacenter-2",
                            "id": "resgroup-43",
                            "name": "OPENSHIFT"
                        },
                        "meta": {},
                        "tainted": false
                    },
                    "deposed": [],
                    "provider": "provider.vsphere"
                },
                "data.vsphere_virtual_machine.template": {
                    "type": "vsphere_virtual_machine",
                    "depends_on": [
                        "data.vsphere_datacenter.dc"
                    ],
                    "primary": {
                        "id": "423ac76d-f60c-41e5-b1f4-8728320779ba",
                        "attributes": {
                            "alternate_guest_name": "",
                            "datacenter_id": "datacenter-2",
                            "disks.#": "1",
                            "disks.0.eagerly_scrub": "false",
                            "disks.0.size": "50",
                            "disks.0.thin_provisioned": "false",
                            "firmware": "bios",
                            "guest_id": "centos7_64Guest",
                            "id": "423ac76d-f60c-41e5-b1f4-8728320779ba",
                            "name": "template_centos7",
                            "network_interface_types.#": "1",
                            "network_interface_types.0": "vmxnet3",
                            "scsi_bus_sharing": "noSharing",
                            "scsi_controller_scan_count": "1",
                            "scsi_type": "pvscsi"
                        },
                        "meta": {},
                        "tainted": false
                    },
                    "deposed": [],
                    "provider": "provider.vsphere"
                },
                "vsphere_virtual_machine.cloned_virtual_machine.0": {
                    "type": "vsphere_virtual_machine",
                    "depends_on": [
                        "data.vsphere_datastore.datastore",
                        "data.vsphere_network.mgmt_lan",
                        "data.vsphere_resource_pool.pool",
                        "data.vsphere_virtual_machine.template"
                    ],
                    "primary": {
                        "id": "423a3588-78d8-b79c-5645-c9c95c83af4d",
                        "attributes": {
                            "alternate_guest_name": "",
                            "annotation": "",
                            "boot_delay": "0",
                            "boot_retry_delay": "10000",
                            "boot_retry_enabled": "false",
                            "cdrom.#": "0",
                            "change_version": "2019-09-01T06:18:31.564998Z",
                            "clone.#": "1",
                            "clone.0.customize.#": "1",
                            "clone.0.customize.0.dns_server_list.#": "1",
                            "clone.0.customize.0.dns_server_list.0": "10.4.250.25",
                            "clone.0.customize.0.dns_suffix_list.#": "1",
                            "clone.0.customize.0.dns_suffix_list.0": "apps.cjf.local",
                            "clone.0.customize.0.ipv4_gateway": "10.4.250.254",
                            "clone.0.customize.0.ipv6_gateway": "",
                            "clone.0.customize.0.linux_options.#": "1",
                            "clone.0.customize.0.linux_options.0.domain": "apps.cjf.local",
                            "clone.0.customize.0.linux_options.0.host_name": "master1",
                            "clone.0.customize.0.linux_options.0.hw_clock_utc": "true",
                            "clone.0.customize.0.linux_options.0.time_zone": "",
                            "clone.0.customize.0.network_interface.#": "1",
                            "clone.0.customize.0.network_interface.0.dns_domain": "",
                            "clone.0.customize.0.network_interface.0.dns_server_list.#": "0",
                            "clone.0.customize.0.network_interface.0.ipv4_address": "10.4.250.26",
                            "clone.0.customize.0.network_interface.0.ipv4_netmask": "24",
                            "clone.0.customize.0.network_interface.0.ipv6_address": "",
                            "clone.0.customize.0.network_interface.0.ipv6_netmask": "0",
                            "clone.0.customize.0.timeout": "20",
                            "clone.0.customize.0.windows_options.#": "0",
                            "clone.0.customize.0.windows_sysprep_text": "",
                            "clone.0.linked_clone": "false",
                            "clone.0.template_uuid": "423ac76d-f60c-41e5-b1f4-8728320779ba",
                            "clone.0.timeout": "30",
                            "cpu_hot_add_enabled": "false",
                            "cpu_hot_remove_enabled": "false",
                            "cpu_limit": "-1",
                            "cpu_performance_counters_enabled": "false",
                            "cpu_reservation": "0",
                            "cpu_share_count": "8000",
                            "cpu_share_level": "normal",
                            "custom_attributes.%": "0",
                            "datastore_id": "datastore-10",
                            "default_ip_address": "10.4.250.26",
                            "disk.#": "3",
                            "disk.0.attach": "false",
                            "disk.0.datastore_id": "datastore-10",
                            "disk.0.device_address": "scsi:0:0",
                            "disk.0.disk_mode": "persistent",
                            "disk.0.disk_sharing": "sharingNone",
                            "disk.0.eagerly_scrub": "false",
                            "disk.0.io_limit": "-1",
                            "disk.0.io_reservation": "0",
                            "disk.0.io_share_count": "1000",
                            "disk.0.io_share_level": "normal",
                            "disk.0.keep_on_remove": "false",
                            "disk.0.key": "2000",
                            "disk.0.label": "disk0",
                            "disk.0.name": "",
                            "disk.0.path": "master1/master1.vmdk",
                            "disk.0.size": "50",
                            "disk.0.thin_provisioned": "false",
                            "disk.0.unit_number": "0",
                            "disk.0.uuid": "6000C293-0579-e8e2-c827-1c2857fc0ba4",
                            "disk.0.write_through": "false",
                            "disk.1.attach": "false",
                            "disk.1.datastore_id": "datastore-10",
                            "disk.1.device_address": "scsi:0:1",
                            "disk.1.disk_mode": "persistent",
                            "disk.1.disk_sharing": "sharingNone",
                            "disk.1.eagerly_scrub": "false",
                            "disk.1.io_limit": "-1",
                            "disk.1.io_reservation": "0",
                            "disk.1.io_share_count": "1000",
                            "disk.1.io_share_level": "normal",
                            "disk.1.keep_on_remove": "false",
                            "disk.1.key": "2001",
                            "disk.1.label": "disck1",
                            "disk.1.name": "",
                            "disk.1.path": "master1/master1_1.vmdk",
                            "disk.1.size": "20",
                            "disk.1.thin_provisioned": "true",
                            "disk.1.unit_number": "1",
                            "disk.1.uuid": "6000C298-7cb6-cfc5-0a3d-2fe81df6f13d",
                            "disk.1.write_through": "false",
                            "disk.2.attach": "false",
                            "disk.2.datastore_id": "datastore-10",
                            "disk.2.device_address": "scsi:0:2",
                            "disk.2.disk_mode": "persistent",
                            "disk.2.disk_sharing": "sharingNone",
                            "disk.2.eagerly_scrub": "false",
                            "disk.2.io_limit": "-1",
                            "disk.2.io_reservation": "0",
                            "disk.2.io_share_count": "1000",
                            "disk.2.io_share_level": "normal",
                            "disk.2.keep_on_remove": "false",
                            "disk.2.key": "2002",
                            "disk.2.label": "disck2",
                            "disk.2.name": "",
                            "disk.2.path": "master1/master1_2.vmdk",
                            "disk.2.size": "80",
                            "disk.2.thin_provisioned": "true",
                            "disk.2.unit_number": "2",
                            "disk.2.uuid": "6000C291-4ab7-4dfa-5b93-96ecfa61f937",
                            "disk.2.write_through": "false",
                            "efi_secure_boot_enabled": "false",
                            "enable_disk_uuid": "false",
                            "enable_logging": "false",
                            "ept_rvi_mode": "automatic",
                            "extra_config.%": "0",
                            "firmware": "bios",
                            "folder": "",
                            "force_power_off": "true",
                            "guest_id": "centos7_64Guest",
                            "guest_ip_addresses.#": "2",
                            "guest_ip_addresses.0": "10.4.250.26",
                            "guest_ip_addresses.1": "fe80::250:56ff:feba:e859",
                            "host_system_id": "host-16",
                            "hv_mode": "hvAuto",
                            "id": "423a3588-78d8-b79c-5645-c9c95c83af4d",
                            "latency_sensitivity": "normal",
                            "memory": "16384",
                            "memory_hot_add_enabled": "false",
                            "memory_limit": "-1",
                            "memory_reservation": "0",
                            "memory_share_count": "163840",
                            "memory_share_level": "normal",
                            "migrate_wait_timeout": "30",
                            "moid": "vm-288",
                            "name": "master1",
                            "nested_hv_enabled": "false",
                            "network_interface.#": "1",
                            "network_interface.0.adapter_type": "vmxnet3",
                            "network_interface.0.bandwidth_limit": "-1",
                            "network_interface.0.bandwidth_reservation": "0",
                            "network_interface.0.bandwidth_share_count": "50",
                            "network_interface.0.bandwidth_share_level": "normal",
                            "network_interface.0.device_address": "pci:0:7",
                            "network_interface.0.key": "4000",
                            "network_interface.0.mac_address": "00:50:56:ba:e8:59",
                            "network_interface.0.network_id": "dvportgroup-22",
                            "network_interface.0.use_static_mac": "false",
                            "num_cores_per_socket": "1",
                            "num_cpus": "8",
                            "reboot_required": "false",
                            "resource_pool_id": "resgroup-43",
                            "run_tools_scripts_after_power_on": "true",
                            "run_tools_scripts_after_resume": "true",
                            "run_tools_scripts_before_guest_reboot": "false",
                            "run_tools_scripts_before_guest_shutdown": "true",
                            "run_tools_scripts_before_guest_standby": "true",
                            "scsi_bus_sharing": "noSharing",
                            "scsi_controller_count": "1",
                            "scsi_type": "pvscsi",
                            "shutdown_wait_timeout": "3",
                            "swap_placement_policy": "inherit",
                            "sync_time_with_host": "false",
                            "tags.#": "0",
                            "uuid": "423a3588-78d8-b79c-5645-c9c95c83af4d",
                            "vapp_transport.#": "0",
                            "vmware_tools_status": "guestToolsRunning",
                            "vmx_path": "master1/master1.vmx",
                            "wait_for_guest_ip_timeout": "0",
                            "wait_for_guest_net_routable": "true",
                            "wait_for_guest_net_timeout": "5"
                        },
                        "meta": {
                            "schema_version": "3"
                        },
                        "tainted": false
                    },
                    "deposed": [],
                    "provider": "provider.vsphere"
                },
                "vsphere_virtual_machine.cloned_virtual_machine.1": {
                    "type": "vsphere_virtual_machine",
                    "depends_on": [
                        "data.vsphere_datastore.datastore",
                        "data.vsphere_network.mgmt_lan",
                        "data.vsphere_resource_pool.pool",
                        "data.vsphere_virtual_machine.template"
                    ],
                    "primary": {
                        "id": "423a7440-ef89-19d1-8df2-c44d4b93b0cd",
                        "attributes": {
                            "alternate_guest_name": "",
                            "annotation": "",
                            "boot_delay": "0",
                            "boot_retry_delay": "10000",
                            "boot_retry_enabled": "false",
                            "cdrom.#": "0",
                            "change_version": "2019-09-01T06:20:47.124246Z",
                            "clone.#": "1",
                            "clone.0.customize.#": "1",
                            "clone.0.customize.0.dns_server_list.#": "1",
                            "clone.0.customize.0.dns_server_list.0": "10.4.250.25",
                            "clone.0.customize.0.dns_suffix_list.#": "1",
                            "clone.0.customize.0.dns_suffix_list.0": "apps.cjf.local",
                            "clone.0.customize.0.ipv4_gateway": "10.4.250.254",
                            "clone.0.customize.0.ipv6_gateway": "",
                            "clone.0.customize.0.linux_options.#": "1",
                            "clone.0.customize.0.linux_options.0.domain": "apps.cjf.local",
                            "clone.0.customize.0.linux_options.0.host_name": "master2",
                            "clone.0.customize.0.linux_options.0.hw_clock_utc": "true",
                            "clone.0.customize.0.linux_options.0.time_zone": "",
                            "clone.0.customize.0.network_interface.#": "1",
                            "clone.0.customize.0.network_interface.0.dns_domain": "",
                            "clone.0.customize.0.network_interface.0.dns_server_list.#": "0",
                            "clone.0.customize.0.network_interface.0.ipv4_address": "10.4.250.27",
                            "clone.0.customize.0.network_interface.0.ipv4_netmask": "24",
                            "clone.0.customize.0.network_interface.0.ipv6_address": "",
                            "clone.0.customize.0.network_interface.0.ipv6_netmask": "0",
                            "clone.0.customize.0.timeout": "20",
                            "clone.0.customize.0.windows_options.#": "0",
                            "clone.0.customize.0.windows_sysprep_text": "",
                            "clone.0.linked_clone": "false",
                            "clone.0.template_uuid": "423ac76d-f60c-41e5-b1f4-8728320779ba",
                            "clone.0.timeout": "30",
                            "cpu_hot_add_enabled": "false",
                            "cpu_hot_remove_enabled": "false",
                            "cpu_limit": "-1",
                            "cpu_performance_counters_enabled": "false",
                            "cpu_reservation": "0",
                            "cpu_share_count": "8000",
                            "cpu_share_level": "normal",
                            "custom_attributes.%": "0",
                            "datastore_id": "datastore-10",
                            "default_ip_address": "10.4.250.27",
                            "disk.#": "3",
                            "disk.0.attach": "false",
                            "disk.0.datastore_id": "datastore-10",
                            "disk.0.device_address": "scsi:0:0",
                            "disk.0.disk_mode": "persistent",
                            "disk.0.disk_sharing": "sharingNone",
                            "disk.0.eagerly_scrub": "false",
                            "disk.0.io_limit": "-1",
                            "disk.0.io_reservation": "0",
                            "disk.0.io_share_count": "1000",
                            "disk.0.io_share_level": "normal",
                            "disk.0.keep_on_remove": "false",
                            "disk.0.key": "2000",
                            "disk.0.label": "disk0",
                            "disk.0.name": "",
                            "disk.0.path": "master2/master2.vmdk",
                            "disk.0.size": "50",
                            "disk.0.thin_provisioned": "false",
                            "disk.0.unit_number": "0",
                            "disk.0.uuid": "6000C298-b3d5-1766-083a-ff68d928eaa8",
                            "disk.0.write_through": "false",
                            "disk.1.attach": "false",
                            "disk.1.datastore_id": "datastore-10",
                            "disk.1.device_address": "scsi:0:1",
                            "disk.1.disk_mode": "persistent",
                            "disk.1.disk_sharing": "sharingNone",
                            "disk.1.eagerly_scrub": "false",
                            "disk.1.io_limit": "-1",
                            "disk.1.io_reservation": "0",
                            "disk.1.io_share_count": "1000",
                            "disk.1.io_share_level": "normal",
                            "disk.1.keep_on_remove": "false",
                            "disk.1.key": "2001",
                            "disk.1.label": "disck1",
                            "disk.1.name": "",
                            "disk.1.path": "master2/master2_1.vmdk",
                            "disk.1.size": "20",
                            "disk.1.thin_provisioned": "true",
                            "disk.1.unit_number": "1",
                            "disk.1.uuid": "6000C29e-fd5a-bead-06f3-d357e49f10c3",
                            "disk.1.write_through": "false",
                            "disk.2.attach": "false",
                            "disk.2.datastore_id": "datastore-10",
                            "disk.2.device_address": "scsi:0:2",
                            "disk.2.disk_mode": "persistent",
                            "disk.2.disk_sharing": "sharingNone",
                            "disk.2.eagerly_scrub": "false",
                            "disk.2.io_limit": "-1",
                            "disk.2.io_reservation": "0",
                            "disk.2.io_share_count": "1000",
                            "disk.2.io_share_level": "normal",
                            "disk.2.keep_on_remove": "false",
                            "disk.2.key": "2002",
                            "disk.2.label": "disck2",
                            "disk.2.name": "",
                            "disk.2.path": "master2/master2_2.vmdk",
                            "disk.2.size": "80",
                            "disk.2.thin_provisioned": "true",
                            "disk.2.unit_number": "2",
                            "disk.2.uuid": "6000C29c-de9c-1e30-4a44-24efe49b844d",
                            "disk.2.write_through": "false",
                            "efi_secure_boot_enabled": "false",
                            "enable_disk_uuid": "false",
                            "enable_logging": "false",
                            "ept_rvi_mode": "automatic",
                            "extra_config.%": "0",
                            "firmware": "bios",
                            "folder": "",
                            "force_power_off": "true",
                            "guest_id": "centos7_64Guest",
                            "guest_ip_addresses.#": "2",
                            "guest_ip_addresses.0": "10.4.250.27",
                            "guest_ip_addresses.1": "fe80::250:56ff:feba:e0fd",
                            "host_system_id": "host-9",
                            "hv_mode": "hvAuto",
                            "id": "423a7440-ef89-19d1-8df2-c44d4b93b0cd",
                            "latency_sensitivity": "normal",
                            "memory": "16384",
                            "memory_hot_add_enabled": "false",
                            "memory_limit": "-1",
                            "memory_reservation": "0",
                            "memory_share_count": "163840",
                            "memory_share_level": "normal",
                            "migrate_wait_timeout": "30",
                            "moid": "vm-287",
                            "name": "master2",
                            "nested_hv_enabled": "false",
                            "network_interface.#": "1",
                            "network_interface.0.adapter_type": "vmxnet3",
                            "network_interface.0.bandwidth_limit": "-1",
                            "network_interface.0.bandwidth_reservation": "0",
                            "network_interface.0.bandwidth_share_count": "50",
                            "network_interface.0.bandwidth_share_level": "normal",
                            "network_interface.0.device_address": "pci:0:7",
                            "network_interface.0.key": "4000",
                            "network_interface.0.mac_address": "00:50:56:ba:e0:fd",
                            "network_interface.0.network_id": "dvportgroup-22",
                            "network_interface.0.use_static_mac": "false",
                            "num_cores_per_socket": "1",
                            "num_cpus": "8",
                            "reboot_required": "false",
                            "resource_pool_id": "resgroup-43",
                            "run_tools_scripts_after_power_on": "true",
                            "run_tools_scripts_after_resume": "true",
                            "run_tools_scripts_before_guest_reboot": "false",
                            "run_tools_scripts_before_guest_shutdown": "true",
                            "run_tools_scripts_before_guest_standby": "true",
                            "scsi_bus_sharing": "noSharing",
                            "scsi_controller_count": "1",
                            "scsi_type": "pvscsi",
                            "shutdown_wait_timeout": "3",
                            "swap_placement_policy": "inherit",
                            "sync_time_with_host": "false",
                            "tags.#": "0",
                            "uuid": "423a7440-ef89-19d1-8df2-c44d4b93b0cd",
                            "vapp_transport.#": "0",
                            "vmware_tools_status": "guestToolsRunning",
                            "vmx_path": "master2/master2.vmx",
                            "wait_for_guest_ip_timeout": "0",
                            "wait_for_guest_net_routable": "true",
                            "wait_for_guest_net_timeout": "5"
                        },
                        "meta": {
                            "schema_version": "3"
                        },
                        "tainted": false
                    },
                    "deposed": [],
                    "provider": "provider.vsphere"
                },
                "vsphere_virtual_machine.cloned_virtual_machine.2": {
                    "type": "vsphere_virtual_machine",
                    "depends_on": [
                        "data.vsphere_datastore.datastore",
                        "data.vsphere_network.mgmt_lan",
                        "data.vsphere_resource_pool.pool",
                        "data.vsphere_virtual_machine.template"
                    ],
                    "primary": {
                        "id": "423adb9f-08a7-7977-81ba-10959b745018",
                        "attributes": {
                            "alternate_guest_name": "",
                            "annotation": "",
                            "boot_delay": "0",
                            "boot_retry_delay": "10000",
                            "boot_retry_enabled": "false",
                            "cdrom.#": "0",
                            "change_version": "2019-09-01T06:20:40.64512Z",
                            "clone.#": "1",
                            "clone.0.customize.#": "1",
                            "clone.0.customize.0.dns_server_list.#": "1",
                            "clone.0.customize.0.dns_server_list.0": "10.4.250.25",
                            "clone.0.customize.0.dns_suffix_list.#": "1",
                            "clone.0.customize.0.dns_suffix_list.0": "apps.cjf.local",
                            "clone.0.customize.0.ipv4_gateway": "10.4.250.254",
                            "clone.0.customize.0.ipv6_gateway": "",
                            "clone.0.customize.0.linux_options.#": "1",
                            "clone.0.customize.0.linux_options.0.domain": "apps.cjf.local",
                            "clone.0.customize.0.linux_options.0.host_name": "master3",
                            "clone.0.customize.0.linux_options.0.hw_clock_utc": "true",
                            "clone.0.customize.0.linux_options.0.time_zone": "",
                            "clone.0.customize.0.network_interface.#": "1",
                            "clone.0.customize.0.network_interface.0.dns_domain": "",
                            "clone.0.customize.0.network_interface.0.dns_server_list.#": "0",
                            "clone.0.customize.0.network_interface.0.ipv4_address": "10.4.250.28",
                            "clone.0.customize.0.network_interface.0.ipv4_netmask": "24",
                            "clone.0.customize.0.network_interface.0.ipv6_address": "",
                            "clone.0.customize.0.network_interface.0.ipv6_netmask": "0",
                            "clone.0.customize.0.timeout": "20",
                            "clone.0.customize.0.windows_options.#": "0",
                            "clone.0.customize.0.windows_sysprep_text": "",
                            "clone.0.linked_clone": "false",
                            "clone.0.template_uuid": "423ac76d-f60c-41e5-b1f4-8728320779ba",
                            "clone.0.timeout": "30",
                            "cpu_hot_add_enabled": "false",
                            "cpu_hot_remove_enabled": "false",
                            "cpu_limit": "-1",
                            "cpu_performance_counters_enabled": "false",
                            "cpu_reservation": "0",
                            "cpu_share_count": "8000",
                            "cpu_share_level": "normal",
                            "custom_attributes.%": "0",
                            "datastore_id": "datastore-10",
                            "default_ip_address": "10.4.250.28",
                            "disk.#": "3",
                            "disk.0.attach": "false",
                            "disk.0.datastore_id": "datastore-10",
                            "disk.0.device_address": "scsi:0:0",
                            "disk.0.disk_mode": "persistent",
                            "disk.0.disk_sharing": "sharingNone",
                            "disk.0.eagerly_scrub": "false",
                            "disk.0.io_limit": "-1",
                            "disk.0.io_reservation": "0",
                            "disk.0.io_share_count": "1000",
                            "disk.0.io_share_level": "normal",
                            "disk.0.keep_on_remove": "false",
                            "disk.0.key": "2000",
                            "disk.0.label": "disk0",
                            "disk.0.name": "",
                            "disk.0.path": "master3/master3.vmdk",
                            "disk.0.size": "50",
                            "disk.0.thin_provisioned": "false",
                            "disk.0.unit_number": "0",
                            "disk.0.uuid": "6000C292-da61-0005-6245-3de4df5c7fcb",
                            "disk.0.write_through": "false",
                            "disk.1.attach": "false",
                            "disk.1.datastore_id": "datastore-10",
                            "disk.1.device_address": "scsi:0:1",
                            "disk.1.disk_mode": "persistent",
                            "disk.1.disk_sharing": "sharingNone",
                            "disk.1.eagerly_scrub": "false",
                            "disk.1.io_limit": "-1",
                            "disk.1.io_reservation": "0",
                            "disk.1.io_share_count": "1000",
                            "disk.1.io_share_level": "normal",
                            "disk.1.keep_on_remove": "false",
                            "disk.1.key": "2001",
                            "disk.1.label": "disck1",
                            "disk.1.name": "",
                            "disk.1.path": "master3/master3_1.vmdk",
                            "disk.1.size": "20",
                            "disk.1.thin_provisioned": "true",
                            "disk.1.unit_number": "1",
                            "disk.1.uuid": "6000C295-f4af-ba24-a4d0-59a471d9022b",
                            "disk.1.write_through": "false",
                            "disk.2.attach": "false",
                            "disk.2.datastore_id": "datastore-10",
                            "disk.2.device_address": "scsi:0:2",
                            "disk.2.disk_mode": "persistent",
                            "disk.2.disk_sharing": "sharingNone",
                            "disk.2.eagerly_scrub": "false",
                            "disk.2.io_limit": "-1",
                            "disk.2.io_reservation": "0",
                            "disk.2.io_share_count": "1000",
                            "disk.2.io_share_level": "normal",
                            "disk.2.keep_on_remove": "false",
                            "disk.2.key": "2002",
                            "disk.2.label": "disck2",
                            "disk.2.name": "",
                            "disk.2.path": "master3/master3_2.vmdk",
                            "disk.2.size": "80",
                            "disk.2.thin_provisioned": "true",
                            "disk.2.unit_number": "2",
                            "disk.2.uuid": "6000C29e-7ac6-9cf5-f424-9226044a9e2d",
                            "disk.2.write_through": "false",
                            "efi_secure_boot_enabled": "false",
                            "enable_disk_uuid": "false",
                            "enable_logging": "false",
                            "ept_rvi_mode": "automatic",
                            "extra_config.%": "0",
                            "firmware": "bios",
                            "folder": "",
                            "force_power_off": "true",
                            "guest_id": "centos7_64Guest",
                            "guest_ip_addresses.#": "2",
                            "guest_ip_addresses.0": "10.4.250.28",
                            "guest_ip_addresses.1": "fe80::250:56ff:feba:51dc",
                            "host_system_id": "host-9",
                            "hv_mode": "hvAuto",
                            "id": "423adb9f-08a7-7977-81ba-10959b745018",
                            "latency_sensitivity": "normal",
                            "memory": "16384",
                            "memory_hot_add_enabled": "false",
                            "memory_limit": "-1",
                            "memory_reservation": "0",
                            "memory_share_count": "163840",
                            "memory_share_level": "normal",
                            "migrate_wait_timeout": "30",
                            "moid": "vm-284",
                            "name": "master3",
                            "nested_hv_enabled": "false",
                            "network_interface.#": "1",
                            "network_interface.0.adapter_type": "vmxnet3",
                            "network_interface.0.bandwidth_limit": "-1",
                            "network_interface.0.bandwidth_reservation": "0",
                            "network_interface.0.bandwidth_share_count": "50",
                            "network_interface.0.bandwidth_share_level": "normal",
                            "network_interface.0.device_address": "pci:0:7",
                            "network_interface.0.key": "4000",
                            "network_interface.0.mac_address": "00:50:56:ba:51:dc",
                            "network_interface.0.network_id": "dvportgroup-22",
                            "network_interface.0.use_static_mac": "false",
                            "num_cores_per_socket": "1",
                            "num_cpus": "8",
                            "reboot_required": "false",
                            "resource_pool_id": "resgroup-43",
                            "run_tools_scripts_after_power_on": "true",
                            "run_tools_scripts_after_resume": "true",
                            "run_tools_scripts_before_guest_reboot": "false",
                            "run_tools_scripts_before_guest_shutdown": "true",
                            "run_tools_scripts_before_guest_standby": "true",
                            "scsi_bus_sharing": "noSharing",
                            "scsi_controller_count": "1",
                            "scsi_type": "pvscsi",
                            "shutdown_wait_timeout": "3",
                            "swap_placement_policy": "inherit",
                            "sync_time_with_host": "false",
                            "tags.#": "0",
                            "uuid": "423adb9f-08a7-7977-81ba-10959b745018",
                            "vapp_transport.#": "0",
                            "vmware_tools_status": "guestToolsRunning",
                            "vmx_path": "master3/master3.vmx",
                            "wait_for_guest_ip_timeout": "0",
                            "wait_for_guest_net_routable": "true",
                            "wait_for_guest_net_timeout": "5"
                        },
                        "meta": {
                            "schema_version": "3"
                        },
                        "tainted": false
                    },
                    "deposed": [],
                    "provider": "provider.vsphere"
                },
                "vsphere_virtual_machine.cloned_virtual_machine.3": {
                    "type": "vsphere_virtual_machine",
                    "depends_on": [
                        "data.vsphere_datastore.datastore",
                        "data.vsphere_network.mgmt_lan",
                        "data.vsphere_resource_pool.pool",
                        "data.vsphere_virtual_machine.template"
                    ],
                    "primary": {
                        "id": "423aa962-c83e-c7dd-0e9b-012b636b8c0b",
                        "attributes": {
                            "alternate_guest_name": "",
                            "annotation": "",
                            "boot_delay": "0",
                            "boot_retry_delay": "10000",
                            "boot_retry_enabled": "false",
                            "cdrom.#": "0",
                            "change_version": "2019-09-01T06:20:42.19779Z",
                            "clone.#": "1",
                            "clone.0.customize.#": "1",
                            "clone.0.customize.0.dns_server_list.#": "1",
                            "clone.0.customize.0.dns_server_list.0": "10.4.250.25",
                            "clone.0.customize.0.dns_suffix_list.#": "1",
                            "clone.0.customize.0.dns_suffix_list.0": "apps.cjf.local",
                            "clone.0.customize.0.ipv4_gateway": "10.4.250.254",
                            "clone.0.customize.0.ipv6_gateway": "",
                            "clone.0.customize.0.linux_options.#": "1",
                            "clone.0.customize.0.linux_options.0.domain": "apps.cjf.local",
                            "clone.0.customize.0.linux_options.0.host_name": "node1",
                            "clone.0.customize.0.linux_options.0.hw_clock_utc": "true",
                            "clone.0.customize.0.linux_options.0.time_zone": "",
                            "clone.0.customize.0.network_interface.#": "1",
                            "clone.0.customize.0.network_interface.0.dns_domain": "",
                            "clone.0.customize.0.network_interface.0.dns_server_list.#": "0",
                            "clone.0.customize.0.network_interface.0.ipv4_address": "10.4.250.29",
                            "clone.0.customize.0.network_interface.0.ipv4_netmask": "24",
                            "clone.0.customize.0.network_interface.0.ipv6_address": "",
                            "clone.0.customize.0.network_interface.0.ipv6_netmask": "0",
                            "clone.0.customize.0.timeout": "20",
                            "clone.0.customize.0.windows_options.#": "0",
                            "clone.0.customize.0.windows_sysprep_text": "",
                            "clone.0.linked_clone": "false",
                            "clone.0.template_uuid": "423ac76d-f60c-41e5-b1f4-8728320779ba",
                            "clone.0.timeout": "30",
                            "cpu_hot_add_enabled": "false",
                            "cpu_hot_remove_enabled": "false",
                            "cpu_limit": "-1",
                            "cpu_performance_counters_enabled": "false",
                            "cpu_reservation": "0",
                            "cpu_share_count": "8000",
                            "cpu_share_level": "normal",
                            "custom_attributes.%": "0",
                            "datastore_id": "datastore-10",
                            "default_ip_address": "10.4.250.29",
                            "disk.#": "3",
                            "disk.0.attach": "false",
                            "disk.0.datastore_id": "datastore-10",
                            "disk.0.device_address": "scsi:0:0",
                            "disk.0.disk_mode": "persistent",
                            "disk.0.disk_sharing": "sharingNone",
                            "disk.0.eagerly_scrub": "false",
                            "disk.0.io_limit": "-1",
                            "disk.0.io_reservation": "0",
                            "disk.0.io_share_count": "1000",
                            "disk.0.io_share_level": "normal",
                            "disk.0.keep_on_remove": "false",
                            "disk.0.key": "2000",
                            "disk.0.label": "disk0",
                            "disk.0.name": "",
                            "disk.0.path": "node1/node1.vmdk",
                            "disk.0.size": "50",
                            "disk.0.thin_provisioned": "false",
                            "disk.0.unit_number": "0",
                            "disk.0.uuid": "6000C292-03ed-0132-a145-6077e0ba926f",
                            "disk.0.write_through": "false",
                            "disk.1.attach": "false",
                            "disk.1.datastore_id": "datastore-10",
                            "disk.1.device_address": "scsi:0:1",
                            "disk.1.disk_mode": "persistent",
                            "disk.1.disk_sharing": "sharingNone",
                            "disk.1.eagerly_scrub": "false",
                            "disk.1.io_limit": "-1",
                            "disk.1.io_reservation": "0",
                            "disk.1.io_share_count": "1000",
                            "disk.1.io_share_level": "normal",
                            "disk.1.keep_on_remove": "false",
                            "disk.1.key": "2001",
                            "disk.1.label": "disck1",
                            "disk.1.name": "",
                            "disk.1.path": "node1/node1_1.vmdk",
                            "disk.1.size": "20",
                            "disk.1.thin_provisioned": "true",
                            "disk.1.unit_number": "1",
                            "disk.1.uuid": "6000C29c-2362-8027-9a05-fce81d2b6d10",
                            "disk.1.write_through": "false",
                            "disk.2.attach": "false",
                            "disk.2.datastore_id": "datastore-10",
                            "disk.2.device_address": "scsi:0:2",
                            "disk.2.disk_mode": "persistent",
                            "disk.2.disk_sharing": "sharingNone",
                            "disk.2.eagerly_scrub": "false",
                            "disk.2.io_limit": "-1",
                            "disk.2.io_reservation": "0",
                            "disk.2.io_share_count": "1000",
                            "disk.2.io_share_level": "normal",
                            "disk.2.keep_on_remove": "false",
                            "disk.2.key": "2002",
                            "disk.2.label": "disck2",
                            "disk.2.name": "",
                            "disk.2.path": "node1/node1_2.vmdk",
                            "disk.2.size": "80",
                            "disk.2.thin_provisioned": "true",
                            "disk.2.unit_number": "2",
                            "disk.2.uuid": "6000C294-3594-2914-e82d-74cf6c4e088f",
                            "disk.2.write_through": "false",
                            "efi_secure_boot_enabled": "false",
                            "enable_disk_uuid": "false",
                            "enable_logging": "false",
                            "ept_rvi_mode": "automatic",
                            "extra_config.%": "0",
                            "firmware": "bios",
                            "folder": "",
                            "force_power_off": "true",
                            "guest_id": "centos7_64Guest",
                            "guest_ip_addresses.#": "2",
                            "guest_ip_addresses.0": "10.4.250.29",
                            "guest_ip_addresses.1": "fe80::250:56ff:feba:6394",
                            "host_system_id": "host-9",
                            "hv_mode": "hvAuto",
                            "id": "423aa962-c83e-c7dd-0e9b-012b636b8c0b",
                            "latency_sensitivity": "normal",
                            "memory": "16384",
                            "memory_hot_add_enabled": "false",
                            "memory_limit": "-1",
                            "memory_reservation": "0",
                            "memory_share_count": "163840",
                            "memory_share_level": "normal",
                            "migrate_wait_timeout": "30",
                            "moid": "vm-282",
                            "name": "node1",
                            "nested_hv_enabled": "false",
                            "network_interface.#": "1",
                            "network_interface.0.adapter_type": "vmxnet3",
                            "network_interface.0.bandwidth_limit": "-1",
                            "network_interface.0.bandwidth_reservation": "0",
                            "network_interface.0.bandwidth_share_count": "50",
                            "network_interface.0.bandwidth_share_level": "normal",
                            "network_interface.0.device_address": "pci:0:7",
                            "network_interface.0.key": "4000",
                            "network_interface.0.mac_address": "00:50:56:ba:63:94",
                            "network_interface.0.network_id": "dvportgroup-22",
                            "network_interface.0.use_static_mac": "false",
                            "num_cores_per_socket": "1",
                            "num_cpus": "8",
                            "reboot_required": "false",
                            "resource_pool_id": "resgroup-43",
                            "run_tools_scripts_after_power_on": "true",
                            "run_tools_scripts_after_resume": "true",
                            "run_tools_scripts_before_guest_reboot": "false",
                            "run_tools_scripts_before_guest_shutdown": "true",
                            "run_tools_scripts_before_guest_standby": "true",
                            "scsi_bus_sharing": "noSharing",
                            "scsi_controller_count": "1",
                            "scsi_type": "pvscsi",
                            "shutdown_wait_timeout": "3",
                            "swap_placement_policy": "inherit",
                            "sync_time_with_host": "false",
                            "tags.#": "0",
                            "uuid": "423aa962-c83e-c7dd-0e9b-012b636b8c0b",
                            "vapp_transport.#": "0",
                            "vmware_tools_status": "guestToolsRunning",
                            "vmx_path": "node1/node1.vmx",
                            "wait_for_guest_ip_timeout": "0",
                            "wait_for_guest_net_routable": "true",
                            "wait_for_guest_net_timeout": "5"
                        },
                        "meta": {
                            "schema_version": "3"
                        },
                        "tainted": false
                    },
                    "deposed": [],
                    "provider": "provider.vsphere"
                },
                "vsphere_virtual_machine.cloned_virtual_machine.4": {
                    "type": "vsphere_virtual_machine",
                    "depends_on": [
                        "data.vsphere_datastore.datastore",
                        "data.vsphere_network.mgmt_lan",
                        "data.vsphere_resource_pool.pool",
                        "data.vsphere_virtual_machine.template"
                    ],
                    "primary": {
                        "id": "423ab03b-f591-eb73-438f-ceca3a5cf4b4",
                        "attributes": {
                            "alternate_guest_name": "",
                            "annotation": "",
                            "boot_delay": "0",
                            "boot_retry_delay": "10000",
                            "boot_retry_enabled": "false",
                            "cdrom.#": "0",
                            "change_version": "2019-09-01T06:18:26.635868Z",
                            "clone.#": "1",
                            "clone.0.customize.#": "1",
                            "clone.0.customize.0.dns_server_list.#": "1",
                            "clone.0.customize.0.dns_server_list.0": "10.4.250.25",
                            "clone.0.customize.0.dns_suffix_list.#": "1",
                            "clone.0.customize.0.dns_suffix_list.0": "apps.cjf.local",
                            "clone.0.customize.0.ipv4_gateway": "10.4.250.254",
                            "clone.0.customize.0.ipv6_gateway": "",
                            "clone.0.customize.0.linux_options.#": "1",
                            "clone.0.customize.0.linux_options.0.domain": "apps.cjf.local",
                            "clone.0.customize.0.linux_options.0.host_name": "node2",
                            "clone.0.customize.0.linux_options.0.hw_clock_utc": "true",
                            "clone.0.customize.0.linux_options.0.time_zone": "",
                            "clone.0.customize.0.network_interface.#": "1",
                            "clone.0.customize.0.network_interface.0.dns_domain": "",
                            "clone.0.customize.0.network_interface.0.dns_server_list.#": "0",
                            "clone.0.customize.0.network_interface.0.ipv4_address": "10.4.250.30",
                            "clone.0.customize.0.network_interface.0.ipv4_netmask": "24",
                            "clone.0.customize.0.network_interface.0.ipv6_address": "",
                            "clone.0.customize.0.network_interface.0.ipv6_netmask": "0",
                            "clone.0.customize.0.timeout": "20",
                            "clone.0.customize.0.windows_options.#": "0",
                            "clone.0.customize.0.windows_sysprep_text": "",
                            "clone.0.linked_clone": "false",
                            "clone.0.template_uuid": "423ac76d-f60c-41e5-b1f4-8728320779ba",
                            "clone.0.timeout": "30",
                            "cpu_hot_add_enabled": "false",
                            "cpu_hot_remove_enabled": "false",
                            "cpu_limit": "-1",
                            "cpu_performance_counters_enabled": "false",
                            "cpu_reservation": "0",
                            "cpu_share_count": "8000",
                            "cpu_share_level": "normal",
                            "custom_attributes.%": "0",
                            "datastore_id": "datastore-10",
                            "default_ip_address": "10.4.250.30",
                            "disk.#": "3",
                            "disk.0.attach": "false",
                            "disk.0.datastore_id": "datastore-10",
                            "disk.0.device_address": "scsi:0:0",
                            "disk.0.disk_mode": "persistent",
                            "disk.0.disk_sharing": "sharingNone",
                            "disk.0.eagerly_scrub": "false",
                            "disk.0.io_limit": "-1",
                            "disk.0.io_reservation": "0",
                            "disk.0.io_share_count": "1000",
                            "disk.0.io_share_level": "normal",
                            "disk.0.keep_on_remove": "false",
                            "disk.0.key": "2000",
                            "disk.0.label": "disk0",
                            "disk.0.name": "",
                            "disk.0.path": "node2/node2.vmdk",
                            "disk.0.size": "50",
                            "disk.0.thin_provisioned": "false",
                            "disk.0.unit_number": "0",
                            "disk.0.uuid": "6000C29e-4737-b8f1-92a5-85e0eb6385b9",
                            "disk.0.write_through": "false",
                            "disk.1.attach": "false",
                            "disk.1.datastore_id": "datastore-10",
                            "disk.1.device_address": "scsi:0:1",
                            "disk.1.disk_mode": "persistent",
                            "disk.1.disk_sharing": "sharingNone",
                            "disk.1.eagerly_scrub": "false",
                            "disk.1.io_limit": "-1",
                            "disk.1.io_reservation": "0",
                            "disk.1.io_share_count": "1000",
                            "disk.1.io_share_level": "normal",
                            "disk.1.keep_on_remove": "false",
                            "disk.1.key": "2001",
                            "disk.1.label": "disck1",
                            "disk.1.name": "",
                            "disk.1.path": "node2/node2_1.vmdk",
                            "disk.1.size": "20",
                            "disk.1.thin_provisioned": "true",
                            "disk.1.unit_number": "1",
                            "disk.1.uuid": "6000C297-6356-5032-c76c-79757a0477a9",
                            "disk.1.write_through": "false",
                            "disk.2.attach": "false",
                            "disk.2.datastore_id": "datastore-10",
                            "disk.2.device_address": "scsi:0:2",
                            "disk.2.disk_mode": "persistent",
                            "disk.2.disk_sharing": "sharingNone",
                            "disk.2.eagerly_scrub": "false",
                            "disk.2.io_limit": "-1",
                            "disk.2.io_reservation": "0",
                            "disk.2.io_share_count": "1000",
                            "disk.2.io_share_level": "normal",
                            "disk.2.keep_on_remove": "false",
                            "disk.2.key": "2002",
                            "disk.2.label": "disck2",
                            "disk.2.name": "",
                            "disk.2.path": "node2/node2_2.vmdk",
                            "disk.2.size": "80",
                            "disk.2.thin_provisioned": "true",
                            "disk.2.unit_number": "2",
                            "disk.2.uuid": "6000C29c-9f34-6244-53cf-ec5231523a6d",
                            "disk.2.write_through": "false",
                            "efi_secure_boot_enabled": "false",
                            "enable_disk_uuid": "false",
                            "enable_logging": "false",
                            "ept_rvi_mode": "automatic",
                            "extra_config.%": "0",
                            "firmware": "bios",
                            "folder": "",
                            "force_power_off": "true",
                            "guest_id": "centos7_64Guest",
                            "guest_ip_addresses.#": "2",
                            "guest_ip_addresses.0": "10.4.250.30",
                            "guest_ip_addresses.1": "fe80::250:56ff:feba:e08a",
                            "host_system_id": "host-16",
                            "hv_mode": "hvAuto",
                            "id": "423ab03b-f591-eb73-438f-ceca3a5cf4b4",
                            "latency_sensitivity": "normal",
                            "memory": "16384",
                            "memory_hot_add_enabled": "false",
                            "memory_limit": "-1",
                            "memory_reservation": "0",
                            "memory_share_count": "163840",
                            "memory_share_level": "normal",
                            "migrate_wait_timeout": "30",
                            "moid": "vm-283",
                            "name": "node2",
                            "nested_hv_enabled": "false",
                            "network_interface.#": "1",
                            "network_interface.0.adapter_type": "vmxnet3",
                            "network_interface.0.bandwidth_limit": "-1",
                            "network_interface.0.bandwidth_reservation": "0",
                            "network_interface.0.bandwidth_share_count": "50",
                            "network_interface.0.bandwidth_share_level": "normal",
                            "network_interface.0.device_address": "pci:0:7",
                            "network_interface.0.key": "4000",
                            "network_interface.0.mac_address": "00:50:56:ba:e0:8a",
                            "network_interface.0.network_id": "dvportgroup-22",
                            "network_interface.0.use_static_mac": "false",
                            "num_cores_per_socket": "1",
                            "num_cpus": "8",
                            "reboot_required": "false",
                            "resource_pool_id": "resgroup-43",
                            "run_tools_scripts_after_power_on": "true",
                            "run_tools_scripts_after_resume": "true",
                            "run_tools_scripts_before_guest_reboot": "false",
                            "run_tools_scripts_before_guest_shutdown": "true",
                            "run_tools_scripts_before_guest_standby": "true",
                            "scsi_bus_sharing": "noSharing",
                            "scsi_controller_count": "1",
                            "scsi_type": "pvscsi",
                            "shutdown_wait_timeout": "3",
                            "swap_placement_policy": "inherit",
                            "sync_time_with_host": "false",
                            "tags.#": "0",
                            "uuid": "423ab03b-f591-eb73-438f-ceca3a5cf4b4",
                            "vapp_transport.#": "0",
                            "vmware_tools_status": "guestToolsRunning",
                            "vmx_path": "node2/node2.vmx",
                            "wait_for_guest_ip_timeout": "0",
                            "wait_for_guest_net_routable": "true",
                            "wait_for_guest_net_timeout": "5"
                        },
                        "meta": {
                            "schema_version": "3"
                        },
                        "tainted": false
                    },
                    "deposed": [],
                    "provider": "provider.vsphere"
                },
                "vsphere_virtual_machine.cloned_virtual_machine.5": {
                    "type": "vsphere_virtual_machine",
                    "depends_on": [
                        "data.vsphere_datastore.datastore",
                        "data.vsphere_network.mgmt_lan",
                        "data.vsphere_resource_pool.pool",
                        "data.vsphere_virtual_machine.template"
                    ],
                    "primary": {
                        "id": "423aa2ae-feed-2715-d137-cc9181b1b58e",
                        "attributes": {
                            "alternate_guest_name": "",
                            "annotation": "",
                            "boot_delay": "0",
                            "boot_retry_delay": "10000",
                            "boot_retry_enabled": "false",
                            "cdrom.#": "0",
                            "change_version": "2019-09-01T06:20:43.584992Z",
                            "clone.#": "1",
                            "clone.0.customize.#": "1",
                            "clone.0.customize.0.dns_server_list.#": "1",
                            "clone.0.customize.0.dns_server_list.0": "10.4.250.25",
                            "clone.0.customize.0.dns_suffix_list.#": "1",
                            "clone.0.customize.0.dns_suffix_list.0": "apps.cjf.local",
                            "clone.0.customize.0.ipv4_gateway": "10.4.250.254",
                            "clone.0.customize.0.ipv6_gateway": "",
                            "clone.0.customize.0.linux_options.#": "1",
                            "clone.0.customize.0.linux_options.0.domain": "apps.cjf.local",
                            "clone.0.customize.0.linux_options.0.host_name": "node3",
                            "clone.0.customize.0.linux_options.0.hw_clock_utc": "true",
                            "clone.0.customize.0.linux_options.0.time_zone": "",
                            "clone.0.customize.0.network_interface.#": "1",
                            "clone.0.customize.0.network_interface.0.dns_domain": "",
                            "clone.0.customize.0.network_interface.0.dns_server_list.#": "0",
                            "clone.0.customize.0.network_interface.0.ipv4_address": "10.4.250.31",
                            "clone.0.customize.0.network_interface.0.ipv4_netmask": "24",
                            "clone.0.customize.0.network_interface.0.ipv6_address": "",
                            "clone.0.customize.0.network_interface.0.ipv6_netmask": "0",
                            "clone.0.customize.0.timeout": "20",
                            "clone.0.customize.0.windows_options.#": "0",
                            "clone.0.customize.0.windows_sysprep_text": "",
                            "clone.0.linked_clone": "false",
                            "clone.0.template_uuid": "423ac76d-f60c-41e5-b1f4-8728320779ba",
                            "clone.0.timeout": "30",
                            "cpu_hot_add_enabled": "false",
                            "cpu_hot_remove_enabled": "false",
                            "cpu_limit": "-1",
                            "cpu_performance_counters_enabled": "false",
                            "cpu_reservation": "0",
                            "cpu_share_count": "8000",
                            "cpu_share_level": "normal",
                            "custom_attributes.%": "0",
                            "datastore_id": "datastore-10",
                            "default_ip_address": "10.4.250.31",
                            "disk.#": "3",
                            "disk.0.attach": "false",
                            "disk.0.datastore_id": "datastore-10",
                            "disk.0.device_address": "scsi:0:0",
                            "disk.0.disk_mode": "persistent",
                            "disk.0.disk_sharing": "sharingNone",
                            "disk.0.eagerly_scrub": "false",
                            "disk.0.io_limit": "-1",
                            "disk.0.io_reservation": "0",
                            "disk.0.io_share_count": "1000",
                            "disk.0.io_share_level": "normal",
                            "disk.0.keep_on_remove": "false",
                            "disk.0.key": "2000",
                            "disk.0.label": "disk0",
                            "disk.0.name": "",
                            "disk.0.path": "node3/node3.vmdk",
                            "disk.0.size": "50",
                            "disk.0.thin_provisioned": "false",
                            "disk.0.unit_number": "0",
                            "disk.0.uuid": "6000C297-4ff0-d643-a002-d681b584c67e",
                            "disk.0.write_through": "false",
                            "disk.1.attach": "false",
                            "disk.1.datastore_id": "datastore-10",
                            "disk.1.device_address": "scsi:0:1",
                            "disk.1.disk_mode": "persistent",
                            "disk.1.disk_sharing": "sharingNone",
                            "disk.1.eagerly_scrub": "false",
                            "disk.1.io_limit": "-1",
                            "disk.1.io_reservation": "0",
                            "disk.1.io_share_count": "1000",
                            "disk.1.io_share_level": "normal",
                            "disk.1.keep_on_remove": "false",
                            "disk.1.key": "2001",
                            "disk.1.label": "disck1",
                            "disk.1.name": "",
                            "disk.1.path": "node3/node3_1.vmdk",
                            "disk.1.size": "20",
                            "disk.1.thin_provisioned": "true",
                            "disk.1.unit_number": "1",
                            "disk.1.uuid": "6000C293-ad12-ead0-2247-7b9708be0dc0",
                            "disk.1.write_through": "false",
                            "disk.2.attach": "false",
                            "disk.2.datastore_id": "datastore-10",
                            "disk.2.device_address": "scsi:0:2",
                            "disk.2.disk_mode": "persistent",
                            "disk.2.disk_sharing": "sharingNone",
                            "disk.2.eagerly_scrub": "false",
                            "disk.2.io_limit": "-1",
                            "disk.2.io_reservation": "0",
                            "disk.2.io_share_count": "1000",
                            "disk.2.io_share_level": "normal",
                            "disk.2.keep_on_remove": "false",
                            "disk.2.key": "2002",
                            "disk.2.label": "disck2",
                            "disk.2.name": "",
                            "disk.2.path": "node3/node3_2.vmdk",
                            "disk.2.size": "80",
                            "disk.2.thin_provisioned": "true",
                            "disk.2.unit_number": "2",
                            "disk.2.uuid": "6000C290-cdce-c3af-a858-634cf447ea3c",
                            "disk.2.write_through": "false",
                            "efi_secure_boot_enabled": "false",
                            "enable_disk_uuid": "false",
                            "enable_logging": "false",
                            "ept_rvi_mode": "automatic",
                            "extra_config.%": "0",
                            "firmware": "bios",
                            "folder": "",
                            "force_power_off": "true",
                            "guest_id": "centos7_64Guest",
                            "guest_ip_addresses.#": "2",
                            "guest_ip_addresses.0": "10.4.250.31",
                            "guest_ip_addresses.1": "fe80::250:56ff:feba:8fd",
                            "host_system_id": "host-9",
                            "hv_mode": "hvAuto",
                            "id": "423aa2ae-feed-2715-d137-cc9181b1b58e",
                            "latency_sensitivity": "normal",
                            "memory": "16384",
                            "memory_hot_add_enabled": "false",
                            "memory_limit": "-1",
                            "memory_reservation": "0",
                            "memory_share_count": "163840",
                            "memory_share_level": "normal",
                            "migrate_wait_timeout": "30",
                            "moid": "vm-280",
                            "name": "node3",
                            "nested_hv_enabled": "false",
                            "network_interface.#": "1",
                            "network_interface.0.adapter_type": "vmxnet3",
                            "network_interface.0.bandwidth_limit": "-1",
                            "network_interface.0.bandwidth_reservation": "0",
                            "network_interface.0.bandwidth_share_count": "50",
                            "network_interface.0.bandwidth_share_level": "normal",
                            "network_interface.0.device_address": "pci:0:7",
                            "network_interface.0.key": "4000",
                            "network_interface.0.mac_address": "00:50:56:ba:08:fd",
                            "network_interface.0.network_id": "dvportgroup-22",
                            "network_interface.0.use_static_mac": "false",
                            "num_cores_per_socket": "1",
                            "num_cpus": "8",
                            "reboot_required": "false",
                            "resource_pool_id": "resgroup-43",
                            "run_tools_scripts_after_power_on": "true",
                            "run_tools_scripts_after_resume": "true",
                            "run_tools_scripts_before_guest_reboot": "false",
                            "run_tools_scripts_before_guest_shutdown": "true",
                            "run_tools_scripts_before_guest_standby": "true",
                            "scsi_bus_sharing": "noSharing",
                            "scsi_controller_count": "1",
                            "scsi_type": "pvscsi",
                            "shutdown_wait_timeout": "3",
                            "swap_placement_policy": "inherit",
                            "sync_time_with_host": "false",
                            "tags.#": "0",
                            "uuid": "423aa2ae-feed-2715-d137-cc9181b1b58e",
                            "vapp_transport.#": "0",
                            "vmware_tools_status": "guestToolsRunning",
                            "vmx_path": "node3/node3.vmx",
                            "wait_for_guest_ip_timeout": "0",
                            "wait_for_guest_net_routable": "true",
                            "wait_for_guest_net_timeout": "5"
                        },
                        "meta": {
                            "schema_version": "3"
                        },
                        "tainted": false
                    },
                    "deposed": [],
                    "provider": "provider.vsphere"
                },
                "vsphere_virtual_machine.cloned_virtual_machine.6": {
                    "type": "vsphere_virtual_machine",
                    "depends_on": [
                        "data.vsphere_datastore.datastore",
                        "data.vsphere_network.mgmt_lan",
                        "data.vsphere_resource_pool.pool",
                        "data.vsphere_virtual_machine.template"
                    ],
                    "primary": {
                        "id": "423a2afc-d388-7047-fed8-c52be60def5d",
                        "attributes": {
                            "alternate_guest_name": "",
                            "annotation": "",
                            "boot_delay": "0",
                            "boot_retry_delay": "10000",
                            "boot_retry_enabled": "false",
                            "cdrom.#": "0",
                            "change_version": "2019-09-01T06:18:58.572518Z",
                            "clone.#": "1",
                            "clone.0.customize.#": "1",
                            "clone.0.customize.0.dns_server_list.#": "1",
                            "clone.0.customize.0.dns_server_list.0": "10.4.250.25",
                            "clone.0.customize.0.dns_suffix_list.#": "1",
                            "clone.0.customize.0.dns_suffix_list.0": "apps.cjf.local",
                            "clone.0.customize.0.ipv4_gateway": "10.4.250.254",
                            "clone.0.customize.0.ipv6_gateway": "",
                            "clone.0.customize.0.linux_options.#": "1",
                            "clone.0.customize.0.linux_options.0.domain": "apps.cjf.local",
                            "clone.0.customize.0.linux_options.0.host_name": "node4",
                            "clone.0.customize.0.linux_options.0.hw_clock_utc": "true",
                            "clone.0.customize.0.linux_options.0.time_zone": "",
                            "clone.0.customize.0.network_interface.#": "1",
                            "clone.0.customize.0.network_interface.0.dns_domain": "",
                            "clone.0.customize.0.network_interface.0.dns_server_list.#": "0",
                            "clone.0.customize.0.network_interface.0.ipv4_address": "10.4.250.32",
                            "clone.0.customize.0.network_interface.0.ipv4_netmask": "24",
                            "clone.0.customize.0.network_interface.0.ipv6_address": "",
                            "clone.0.customize.0.network_interface.0.ipv6_netmask": "0",
                            "clone.0.customize.0.timeout": "20",
                            "clone.0.customize.0.windows_options.#": "0",
                            "clone.0.customize.0.windows_sysprep_text": "",
                            "clone.0.linked_clone": "false",
                            "clone.0.template_uuid": "423ac76d-f60c-41e5-b1f4-8728320779ba",
                            "clone.0.timeout": "30",
                            "cpu_hot_add_enabled": "false",
                            "cpu_hot_remove_enabled": "false",
                            "cpu_limit": "-1",
                            "cpu_performance_counters_enabled": "false",
                            "cpu_reservation": "0",
                            "cpu_share_count": "8000",
                            "cpu_share_level": "normal",
                            "custom_attributes.%": "0",
                            "datastore_id": "datastore-10",
                            "default_ip_address": "10.4.250.32",
                            "disk.#": "3",
                            "disk.0.attach": "false",
                            "disk.0.datastore_id": "datastore-10",
                            "disk.0.device_address": "scsi:0:0",
                            "disk.0.disk_mode": "persistent",
                            "disk.0.disk_sharing": "sharingNone",
                            "disk.0.eagerly_scrub": "false",
                            "disk.0.io_limit": "-1",
                            "disk.0.io_reservation": "0",
                            "disk.0.io_share_count": "1000",
                            "disk.0.io_share_level": "normal",
                            "disk.0.keep_on_remove": "false",
                            "disk.0.key": "2000",
                            "disk.0.label": "disk0",
                            "disk.0.name": "",
                            "disk.0.path": "node4/node4.vmdk",
                            "disk.0.size": "50",
                            "disk.0.thin_provisioned": "false",
                            "disk.0.unit_number": "0",
                            "disk.0.uuid": "6000C29c-47f7-3c7d-78e6-7309a6bb73f7",
                            "disk.0.write_through": "false",
                            "disk.1.attach": "false",
                            "disk.1.datastore_id": "datastore-10",
                            "disk.1.device_address": "scsi:0:1",
                            "disk.1.disk_mode": "persistent",
                            "disk.1.disk_sharing": "sharingNone",
                            "disk.1.eagerly_scrub": "false",
                            "disk.1.io_limit": "-1",
                            "disk.1.io_reservation": "0",
                            "disk.1.io_share_count": "1000",
                            "disk.1.io_share_level": "normal",
                            "disk.1.keep_on_remove": "false",
                            "disk.1.key": "2001",
                            "disk.1.label": "disck1",
                            "disk.1.name": "",
                            "disk.1.path": "node4/node4_1.vmdk",
                            "disk.1.size": "20",
                            "disk.1.thin_provisioned": "true",
                            "disk.1.unit_number": "1",
                            "disk.1.uuid": "6000C29f-0de2-3443-f6ea-396da5f65bb2",
                            "disk.1.write_through": "false",
                            "disk.2.attach": "false",
                            "disk.2.datastore_id": "datastore-10",
                            "disk.2.device_address": "scsi:0:2",
                            "disk.2.disk_mode": "persistent",
                            "disk.2.disk_sharing": "sharingNone",
                            "disk.2.eagerly_scrub": "false",
                            "disk.2.io_limit": "-1",
                            "disk.2.io_reservation": "0",
                            "disk.2.io_share_count": "1000",
                            "disk.2.io_share_level": "normal",
                            "disk.2.keep_on_remove": "false",
                            "disk.2.key": "2002",
                            "disk.2.label": "disck2",
                            "disk.2.name": "",
                            "disk.2.path": "node4/node4_2.vmdk",
                            "disk.2.size": "80",
                            "disk.2.thin_provisioned": "true",
                            "disk.2.unit_number": "2",
                            "disk.2.uuid": "6000C29b-a42b-34cf-5c98-4f730f667242",
                            "disk.2.write_through": "false",
                            "efi_secure_boot_enabled": "false",
                            "enable_disk_uuid": "false",
                            "enable_logging": "false",
                            "ept_rvi_mode": "automatic",
                            "extra_config.%": "0",
                            "firmware": "bios",
                            "folder": "",
                            "force_power_off": "true",
                            "guest_id": "centos7_64Guest",
                            "guest_ip_addresses.#": "2",
                            "guest_ip_addresses.0": "10.4.250.32",
                            "guest_ip_addresses.1": "fe80::250:56ff:feba:be8a",
                            "host_system_id": "host-16",
                            "hv_mode": "hvAuto",
                            "id": "423a2afc-d388-7047-fed8-c52be60def5d",
                            "latency_sensitivity": "normal",
                            "memory": "16384",
                            "memory_hot_add_enabled": "false",
                            "memory_limit": "-1",
                            "memory_reservation": "0",
                            "memory_share_count": "163840",
                            "memory_share_level": "normal",
                            "migrate_wait_timeout": "30",
                            "moid": "vm-285",
                            "name": "node4",
                            "nested_hv_enabled": "false",
                            "network_interface.#": "1",
                            "network_interface.0.adapter_type": "vmxnet3",
                            "network_interface.0.bandwidth_limit": "-1",
                            "network_interface.0.bandwidth_reservation": "0",
                            "network_interface.0.bandwidth_share_count": "50",
                            "network_interface.0.bandwidth_share_level": "normal",
                            "network_interface.0.device_address": "pci:0:7",
                            "network_interface.0.key": "4000",
                            "network_interface.0.mac_address": "00:50:56:ba:be:8a",
                            "network_interface.0.network_id": "dvportgroup-22",
                            "network_interface.0.use_static_mac": "false",
                            "num_cores_per_socket": "1",
                            "num_cpus": "8",
                            "reboot_required": "false",
                            "resource_pool_id": "resgroup-43",
                            "run_tools_scripts_after_power_on": "true",
                            "run_tools_scripts_after_resume": "true",
                            "run_tools_scripts_before_guest_reboot": "false",
                            "run_tools_scripts_before_guest_shutdown": "true",
                            "run_tools_scripts_before_guest_standby": "true",
                            "scsi_bus_sharing": "noSharing",
                            "scsi_controller_count": "1",
                            "scsi_type": "pvscsi",
                            "shutdown_wait_timeout": "3",
                            "swap_placement_policy": "inherit",
                            "sync_time_with_host": "false",
                            "tags.#": "0",
                            "uuid": "423a2afc-d388-7047-fed8-c52be60def5d",
                            "vapp_transport.#": "0",
                            "vmware_tools_status": "guestToolsRunning",
                            "vmx_path": "node4/node4.vmx",
                            "wait_for_guest_ip_timeout": "0",
                            "wait_for_guest_net_routable": "true",
                            "wait_for_guest_net_timeout": "5"
                        },
                        "meta": {
                            "schema_version": "3"
                        },
                        "tainted": false
                    },
                    "deposed": [],
                    "provider": "provider.vsphere"
                },
                "vsphere_virtual_machine.cloned_virtual_machine.7": {
                    "type": "vsphere_virtual_machine",
                    "depends_on": [
                        "data.vsphere_datastore.datastore",
                        "data.vsphere_network.mgmt_lan",
                        "data.vsphere_resource_pool.pool",
                        "data.vsphere_virtual_machine.template"
                    ],
                    "primary": {
                        "id": "423a8859-f62d-d45b-d410-bc34151f69af",
                        "attributes": {
                            "alternate_guest_name": "",
                            "annotation": "",
                            "boot_delay": "0",
                            "boot_retry_delay": "10000",
                            "boot_retry_enabled": "false",
                            "cdrom.#": "0",
                            "change_version": "2019-09-01T06:18:59.637814Z",
                            "clone.#": "1",
                            "clone.0.customize.#": "1",
                            "clone.0.customize.0.dns_server_list.#": "1",
                            "clone.0.customize.0.dns_server_list.0": "10.4.250.25",
                            "clone.0.customize.0.dns_suffix_list.#": "1",
                            "clone.0.customize.0.dns_suffix_list.0": "apps.cjf.local",
                            "clone.0.customize.0.ipv4_gateway": "10.4.250.254",
                            "clone.0.customize.0.ipv6_gateway": "",
                            "clone.0.customize.0.linux_options.#": "1",
                            "clone.0.customize.0.linux_options.0.domain": "apps.cjf.local",
                            "clone.0.customize.0.linux_options.0.host_name": "lb1",
                            "clone.0.customize.0.linux_options.0.hw_clock_utc": "true",
                            "clone.0.customize.0.linux_options.0.time_zone": "",
                            "clone.0.customize.0.network_interface.#": "1",
                            "clone.0.customize.0.network_interface.0.dns_domain": "",
                            "clone.0.customize.0.network_interface.0.dns_server_list.#": "0",
                            "clone.0.customize.0.network_interface.0.ipv4_address": "10.4.250.33",
                            "clone.0.customize.0.network_interface.0.ipv4_netmask": "24",
                            "clone.0.customize.0.network_interface.0.ipv6_address": "",
                            "clone.0.customize.0.network_interface.0.ipv6_netmask": "0",
                            "clone.0.customize.0.timeout": "20",
                            "clone.0.customize.0.windows_options.#": "0",
                            "clone.0.customize.0.windows_sysprep_text": "",
                            "clone.0.linked_clone": "false",
                            "clone.0.template_uuid": "423ac76d-f60c-41e5-b1f4-8728320779ba",
                            "clone.0.timeout": "30",
                            "cpu_hot_add_enabled": "false",
                            "cpu_hot_remove_enabled": "false",
                            "cpu_limit": "-1",
                            "cpu_performance_counters_enabled": "false",
                            "cpu_reservation": "0",
                            "cpu_share_count": "8000",
                            "cpu_share_level": "normal",
                            "custom_attributes.%": "0",
                            "datastore_id": "datastore-10",
                            "default_ip_address": "10.4.250.33",
                            "disk.#": "3",
                            "disk.0.attach": "false",
                            "disk.0.datastore_id": "datastore-10",
                            "disk.0.device_address": "scsi:0:0",
                            "disk.0.disk_mode": "persistent",
                            "disk.0.disk_sharing": "sharingNone",
                            "disk.0.eagerly_scrub": "false",
                            "disk.0.io_limit": "-1",
                            "disk.0.io_reservation": "0",
                            "disk.0.io_share_count": "1000",
                            "disk.0.io_share_level": "normal",
                            "disk.0.keep_on_remove": "false",
                            "disk.0.key": "2000",
                            "disk.0.label": "disk0",
                            "disk.0.name": "",
                            "disk.0.path": "lb1/lb1.vmdk",
                            "disk.0.size": "50",
                            "disk.0.thin_provisioned": "false",
                            "disk.0.unit_number": "0",
                            "disk.0.uuid": "6000C290-e9ad-2c49-ae6a-6c1115e865ae",
                            "disk.0.write_through": "false",
                            "disk.1.attach": "false",
                            "disk.1.datastore_id": "datastore-10",
                            "disk.1.device_address": "scsi:0:1",
                            "disk.1.disk_mode": "persistent",
                            "disk.1.disk_sharing": "sharingNone",
                            "disk.1.eagerly_scrub": "false",
                            "disk.1.io_limit": "-1",
                            "disk.1.io_reservation": "0",
                            "disk.1.io_share_count": "1000",
                            "disk.1.io_share_level": "normal",
                            "disk.1.keep_on_remove": "false",
                            "disk.1.key": "2001",
                            "disk.1.label": "disck1",
                            "disk.1.name": "",
                            "disk.1.path": "lb1/lb1_1.vmdk",
                            "disk.1.size": "20",
                            "disk.1.thin_provisioned": "true",
                            "disk.1.unit_number": "1",
                            "disk.1.uuid": "6000C293-5f83-472d-016d-2db2917a2d15",
                            "disk.1.write_through": "false",
                            "disk.2.attach": "false",
                            "disk.2.datastore_id": "datastore-10",
                            "disk.2.device_address": "scsi:0:2",
                            "disk.2.disk_mode": "persistent",
                            "disk.2.disk_sharing": "sharingNone",
                            "disk.2.eagerly_scrub": "false",
                            "disk.2.io_limit": "-1",
                            "disk.2.io_reservation": "0",
                            "disk.2.io_share_count": "1000",
                            "disk.2.io_share_level": "normal",
                            "disk.2.keep_on_remove": "false",
                            "disk.2.key": "2002",
                            "disk.2.label": "disck2",
                            "disk.2.name": "",
                            "disk.2.path": "lb1/lb1_2.vmdk",
                            "disk.2.size": "80",
                            "disk.2.thin_provisioned": "true",
                            "disk.2.unit_number": "2",
                            "disk.2.uuid": "6000C293-6026-c92c-effb-08694d55bcfc",
                            "disk.2.write_through": "false",
                            "efi_secure_boot_enabled": "false",
                            "enable_disk_uuid": "false",
                            "enable_logging": "false",
                            "ept_rvi_mode": "automatic",
                            "extra_config.%": "0",
                            "firmware": "bios",
                            "folder": "",
                            "force_power_off": "true",
                            "guest_id": "centos7_64Guest",
                            "guest_ip_addresses.#": "2",
                            "guest_ip_addresses.0": "10.4.250.33",
                            "guest_ip_addresses.1": "fe80::250:56ff:feba:995f",
                            "host_system_id": "host-16",
                            "hv_mode": "hvAuto",
                            "id": "423a8859-f62d-d45b-d410-bc34151f69af",
                            "latency_sensitivity": "normal",
                            "memory": "16384",
                            "memory_hot_add_enabled": "false",
                            "memory_limit": "-1",
                            "memory_reservation": "0",
                            "memory_share_count": "163840",
                            "memory_share_level": "normal",
                            "migrate_wait_timeout": "30",
                            "moid": "vm-281",
                            "name": "lb1",
                            "nested_hv_enabled": "false",
                            "network_interface.#": "1",
                            "network_interface.0.adapter_type": "vmxnet3",
                            "network_interface.0.bandwidth_limit": "-1",
                            "network_interface.0.bandwidth_reservation": "0",
                            "network_interface.0.bandwidth_share_count": "50",
                            "network_interface.0.bandwidth_share_level": "normal",
                            "network_interface.0.device_address": "pci:0:7",
                            "network_interface.0.key": "4000",
                            "network_interface.0.mac_address": "00:50:56:ba:99:5f",
                            "network_interface.0.network_id": "dvportgroup-22",
                            "network_interface.0.use_static_mac": "false",
                            "num_cores_per_socket": "1",
                            "num_cpus": "8",
                            "reboot_required": "false",
                            "resource_pool_id": "resgroup-43",
                            "run_tools_scripts_after_power_on": "true",
                            "run_tools_scripts_after_resume": "true",
                            "run_tools_scripts_before_guest_reboot": "false",
                            "run_tools_scripts_before_guest_shutdown": "true",
                            "run_tools_scripts_before_guest_standby": "true",
                            "scsi_bus_sharing": "noSharing",
                            "scsi_controller_count": "1",
                            "scsi_type": "pvscsi",
                            "shutdown_wait_timeout": "3",
                            "swap_placement_policy": "inherit",
                            "sync_time_with_host": "false",
                            "tags.#": "0",
                            "uuid": "423a8859-f62d-d45b-d410-bc34151f69af",
                            "vapp_transport.#": "0",
                            "vmware_tools_status": "guestToolsRunning",
                            "vmx_path": "lb1/lb1.vmx",
                            "wait_for_guest_ip_timeout": "0",
                            "wait_for_guest_net_routable": "true",
                            "wait_for_guest_net_timeout": "5"
                        },
                        "meta": {
                            "schema_version": "3"
                        },
                        "tainted": false
                    },
                    "deposed": [],
                    "provider": "provider.vsphere"
                },
                "vsphere_virtual_machine.cloned_virtual_machine.8": {
                    "type": "vsphere_virtual_machine",
                    "depends_on": [
                        "data.vsphere_datastore.datastore",
                        "data.vsphere_network.mgmt_lan",
                        "data.vsphere_resource_pool.pool",
                        "data.vsphere_virtual_machine.template"
                    ],
                    "primary": {
                        "id": "423a8514-ce36-4806-7461-7506014c8564",
                        "attributes": {
                            "alternate_guest_name": "",
                            "annotation": "",
                            "boot_delay": "0",
                            "boot_retry_delay": "10000",
                            "boot_retry_enabled": "false",
                            "cdrom.#": "0",
                            "change_version": "2019-09-01T06:18:57.579414Z",
                            "clone.#": "1",
                            "clone.0.customize.#": "1",
                            "clone.0.customize.0.dns_server_list.#": "1",
                            "clone.0.customize.0.dns_server_list.0": "10.4.250.25",
                            "clone.0.customize.0.dns_suffix_list.#": "1",
                            "clone.0.customize.0.dns_suffix_list.0": "apps.cjf.local",
                            "clone.0.customize.0.ipv4_gateway": "10.4.250.254",
                            "clone.0.customize.0.ipv6_gateway": "",
                            "clone.0.customize.0.linux_options.#": "1",
                            "clone.0.customize.0.linux_options.0.domain": "apps.cjf.local",
                            "clone.0.customize.0.linux_options.0.host_name": "lb2",
                            "clone.0.customize.0.linux_options.0.hw_clock_utc": "true",
                            "clone.0.customize.0.linux_options.0.time_zone": "",
                            "clone.0.customize.0.network_interface.#": "1",
                            "clone.0.customize.0.network_interface.0.dns_domain": "",
                            "clone.0.customize.0.network_interface.0.dns_server_list.#": "0",
                            "clone.0.customize.0.network_interface.0.ipv4_address": "10.4.250.34",
                            "clone.0.customize.0.network_interface.0.ipv4_netmask": "24",
                            "clone.0.customize.0.network_interface.0.ipv6_address": "",
                            "clone.0.customize.0.network_interface.0.ipv6_netmask": "0",
                            "clone.0.customize.0.timeout": "20",
                            "clone.0.customize.0.windows_options.#": "0",
                            "clone.0.customize.0.windows_sysprep_text": "",
                            "clone.0.linked_clone": "false",
                            "clone.0.template_uuid": "423ac76d-f60c-41e5-b1f4-8728320779ba",
                            "clone.0.timeout": "30",
                            "cpu_hot_add_enabled": "false",
                            "cpu_hot_remove_enabled": "false",
                            "cpu_limit": "-1",
                            "cpu_performance_counters_enabled": "false",
                            "cpu_reservation": "0",
                            "cpu_share_count": "8000",
                            "cpu_share_level": "normal",
                            "custom_attributes.%": "0",
                            "datastore_id": "datastore-10",
                            "default_ip_address": "10.4.250.34",
                            "disk.#": "3",
                            "disk.0.attach": "false",
                            "disk.0.datastore_id": "datastore-10",
                            "disk.0.device_address": "scsi:0:0",
                            "disk.0.disk_mode": "persistent",
                            "disk.0.disk_sharing": "sharingNone",
                            "disk.0.eagerly_scrub": "false",
                            "disk.0.io_limit": "-1",
                            "disk.0.io_reservation": "0",
                            "disk.0.io_share_count": "1000",
                            "disk.0.io_share_level": "normal",
                            "disk.0.keep_on_remove": "false",
                            "disk.0.key": "2000",
                            "disk.0.label": "disk0",
                            "disk.0.name": "",
                            "disk.0.path": "lb2/lb2.vmdk",
                            "disk.0.size": "50",
                            "disk.0.thin_provisioned": "false",
                            "disk.0.unit_number": "0",
                            "disk.0.uuid": "6000C29e-cc45-2ef5-15cd-2dcd4a108087",
                            "disk.0.write_through": "false",
                            "disk.1.attach": "false",
                            "disk.1.datastore_id": "datastore-10",
                            "disk.1.device_address": "scsi:0:1",
                            "disk.1.disk_mode": "persistent",
                            "disk.1.disk_sharing": "sharingNone",
                            "disk.1.eagerly_scrub": "false",
                            "disk.1.io_limit": "-1",
                            "disk.1.io_reservation": "0",
                            "disk.1.io_share_count": "1000",
                            "disk.1.io_share_level": "normal",
                            "disk.1.keep_on_remove": "false",
                            "disk.1.key": "2001",
                            "disk.1.label": "disck1",
                            "disk.1.name": "",
                            "disk.1.path": "lb2/lb2_1.vmdk",
                            "disk.1.size": "20",
                            "disk.1.thin_provisioned": "true",
                            "disk.1.unit_number": "1",
                            "disk.1.uuid": "6000C292-f7a8-c9a4-3560-7be4e1e3ebac",
                            "disk.1.write_through": "false",
                            "disk.2.attach": "false",
                            "disk.2.datastore_id": "datastore-10",
                            "disk.2.device_address": "scsi:0:2",
                            "disk.2.disk_mode": "persistent",
                            "disk.2.disk_sharing": "sharingNone",
                            "disk.2.eagerly_scrub": "false",
                            "disk.2.io_limit": "-1",
                            "disk.2.io_reservation": "0",
                            "disk.2.io_share_count": "1000",
                            "disk.2.io_share_level": "normal",
                            "disk.2.keep_on_remove": "false",
                            "disk.2.key": "2002",
                            "disk.2.label": "disck2",
                            "disk.2.name": "",
                            "disk.2.path": "lb2/lb2_2.vmdk",
                            "disk.2.size": "80",
                            "disk.2.thin_provisioned": "true",
                            "disk.2.unit_number": "2",
                            "disk.2.uuid": "6000C292-6fb9-97d9-86b7-16539786bd7a",
                            "disk.2.write_through": "false",
                            "efi_secure_boot_enabled": "false",
                            "enable_disk_uuid": "false",
                            "enable_logging": "false",
                            "ept_rvi_mode": "automatic",
                            "extra_config.%": "0",
                            "firmware": "bios",
                            "folder": "",
                            "force_power_off": "true",
                            "guest_id": "centos7_64Guest",
                            "guest_ip_addresses.#": "2",
                            "guest_ip_addresses.0": "10.4.250.34",
                            "guest_ip_addresses.1": "fe80::250:56ff:feba:b011",
                            "host_system_id": "host-16",
                            "hv_mode": "hvAuto",
                            "id": "423a8514-ce36-4806-7461-7506014c8564",
                            "latency_sensitivity": "normal",
                            "memory": "16384",
                            "memory_hot_add_enabled": "false",
                            "memory_limit": "-1",
                            "memory_reservation": "0",
                            "memory_share_count": "163840",
                            "memory_share_level": "normal",
                            "migrate_wait_timeout": "30",
                            "moid": "vm-286",
                            "name": "lb2",
                            "nested_hv_enabled": "false",
                            "network_interface.#": "1",
                            "network_interface.0.adapter_type": "vmxnet3",
                            "network_interface.0.bandwidth_limit": "-1",
                            "network_interface.0.bandwidth_reservation": "0",
                            "network_interface.0.bandwidth_share_count": "50",
                            "network_interface.0.bandwidth_share_level": "normal",
                            "network_interface.0.device_address": "pci:0:7",
                            "network_interface.0.key": "4000",
                            "network_interface.0.mac_address": "00:50:56:ba:b0:11",
                            "network_interface.0.network_id": "dvportgroup-22",
                            "network_interface.0.use_static_mac": "false",
                            "num_cores_per_socket": "1",
                            "num_cpus": "8",
                            "reboot_required": "false",
                            "resource_pool_id": "resgroup-43",
                            "run_tools_scripts_after_power_on": "true",
                            "run_tools_scripts_after_resume": "true",
                            "run_tools_scripts_before_guest_reboot": "false",
                            "run_tools_scripts_before_guest_shutdown": "true",
                            "run_tools_scripts_before_guest_standby": "true",
                            "scsi_bus_sharing": "noSharing",
                            "scsi_controller_count": "1",
                            "scsi_type": "pvscsi",
                            "shutdown_wait_timeout": "3",
                            "swap_placement_policy": "inherit",
                            "sync_time_with_host": "false",
                            "tags.#": "0",
                            "uuid": "423a8514-ce36-4806-7461-7506014c8564",
                            "vapp_transport.#": "0",
                            "vmware_tools_status": "guestToolsRunning",
                            "vmx_path": "lb2/lb2.vmx",
                            "wait_for_guest_ip_timeout": "0",
                            "wait_for_guest_net_routable": "true",
                            "wait_for_guest_net_timeout": "5"
                        },
                        "meta": {
                            "schema_version": "3"
                        },
                        "tainted": false
                    },
                    "deposed": [],
                    "provider": "provider.vsphere"
                }
            },
            "depends_on": []
        }
    ]
}
